
Microsoft Visual Studio Solution File, Format Version 12.00
# Visual Studio 15
VisualStudioVersion = 15.0.28307.106
MinimumVisualStudioVersion = 10.0.40219.1
Project("{9A19103F-16F7-4668-BE54-9A1E7A4F7556}") = "Core", "Core\Core.csproj", "{C69CB89D-C604-495B-9BE8-A8D3E6602A64}"
EndProject
Project("{9A19103F-16F7-4668-BE54-9A1E7A4F7556}") = "Console", "Console\Console.csproj", "{15441902-6E4F-4EB4-894D-7BFEFACF63AB}"
EndProject
Global
	GlobalSection(SolutionConfigurationPlatforms) = preSolution
		Debug|Any CPU = Debug|Any CPU
		Release|Any CPU = Release|Any CPU
	EndGlobalSection
	GlobalSection(ProjectConfigurationPlatforms) = postSolution
		{C69CB89D-C604-495B-9BE8-A8D3E6602A64}.Debug|Any CPU.ActiveCfg = Debug|Any CPU
		{C69CB89D-C604-495B-9BE8-A8D3E6602A64}.Debug|Any CPU.Build.0 = Debug|Any CPU
		{C69CB89D-C604-495B-9BE8-A8D3E6602A64}.Release|Any CPU.ActiveCfg = Release|Any CPU
		{C69CB89D-C604-495B-9BE8-A8D3E6602A64}.Release|Any CPU.Build.0 = Release|Any CPU
		{15441902-6E4F-4EB4-894D-7BFEFACF63AB}.Debug|Any CPU.ActiveCfg = Debug|Any CPU
		{15441902-6E4F-4EB4-894D-7BFEFACF63AB}.Debug|Any CPU.Build.0 = Debug|Any CPU
		{15441902-6E4F-4EB4-894D-7BFEFACF63AB}.Release|Any CPU.ActiveCfg = Release|Any CPU
		{15441902-6E4F-4EB4-894D-7BFEFACF63AB}.Release|Any CPU.Build.0 = Release|Any CPU
	EndGlobalSection
	GlobalSection(SolutionProperties) = preSolution
		HideSolutionNode = FALSE
	EndGlobalSection
	GlobalSection(ExtensibilityGlobals) = postSolution
		SolutionGuid = {1794C858-35BA-4ECB-9BC6-A499ECDF70C4}
	EndGlobalSection
EndGlobal
